
Microsoft Visual Studio Solution File, Format Version 12.00
# Visual Studio 15
VisualStudioVersion = 15.0.27428.2037
MinimumVisualStudioVersion = 10.0.40219.1
Project("{FAE04EC0-301F-11D3-BF4B-00C04F79EFBC}") = "ASP_Crud.Web", "ASP_Crud.Web\ASP_Crud.Web.csproj", "{DC636ACE-376C-44B7-9871-C781CB632FF0}"
EndProject
Project("{FAE04EC0-301F-11D3-BF4B-00C04F79EFBC}") = "ASP_Crud.Business", "ASP_Crud.Business\ASP_Crud.Business.csproj", "{27D633DB-DE0D-4FA5-9A1D-098079ADBA68}"
EndProject
Project("{FAE04EC0-301F-11D3-BF4B-00C04F79EFBC}") = "ASP_Crud.DLL", "ASP_Crud.DLL\ASP_Crud.DLL.csproj", "{34071B95-1323-4459-B1D8-3E745103F3AA}"
EndProject
Global
	GlobalSection(SolutionConfigurationPlatforms) = preSolution
		Debug|Any CPU = Debug|Any CPU
		Release|Any CPU = Release|Any CPU
	EndGlobalSection
	GlobalSection(ProjectConfigurationPlatforms) = postSolution
		{DC636ACE-376C-44B7-9871-C781CB632FF0}.Debug|Any CPU.ActiveCfg = Debug|Any CPU
		{DC636ACE-376C-44B7-9871-C781CB632FF0}.Debug|Any CPU.Build.0 = Debug|Any CPU
		{DC636ACE-376C-44B7-9871-C781CB632FF0}.Release|Any CPU.ActiveCfg = Release|Any CPU
		{DC636ACE-376C-44B7-9871-C781CB632FF0}.Release|Any CPU.Build.0 = Release|Any CPU
		{27D633DB-DE0D-4FA5-9A1D-098079ADBA68}.Debug|Any CPU.ActiveCfg = Debug|Any CPU
		{27D633DB-DE0D-4FA5-9A1D-098079ADBA68}.Debug|Any CPU.Build.0 = Debug|Any CPU
		{27D633DB-DE0D-4FA5-9A1D-098079ADBA68}.Release|Any CPU.ActiveCfg = Release|Any CPU
		{27D633DB-DE0D-4FA5-9A1D-098079ADBA68}.Release|Any CPU.Build.0 = Release|Any CPU
		{34071B95-1323-4459-B1D8-3E745103F3AA}.Debug|Any CPU.ActiveCfg = Debug|Any CPU
		{34071B95-1323-4459-B1D8-3E745103F3AA}.Debug|Any CPU.Build.0 = Debug|Any CPU
		{34071B95-1323-4459-B1D8-3E745103F3AA}.Release|Any CPU.ActiveCfg = Release|Any CPU
		{34071B95-1323-4459-B1D8-3E745103F3AA}.Release|Any CPU.Build.0 = Release|Any CPU
	EndGlobalSection
	GlobalSection(SolutionProperties) = preSolution
		HideSolutionNode = FALSE
	EndGlobalSection
	GlobalSection(ExtensibilityGlobals) = postSolution
		SolutionGuid = {D98849AF-F6D8-429A-A740-ED3DF4CF72F6}
	EndGlobalSection
EndGlobal
